<?xml version="1.0" encoding="utf-8"?>
<Project ToolsVersion="4.0" xmlns="http://schemas.microsoft.com/developer/msbuild/2003">
  <ItemGroup>
    <Filter Include="Fichiers sources">
      <UniqueIdentifier>{4FC737F1-C7A5-4376-A066-2A32D752A2FF}</UniqueIdentifier>
      <Extensions>cpp;c;cc;cxx;c++;cppm;ixx;def;odl;idl;hpj;bat;asm;asmx</Extensions>
    </Filter>
    <Filter Include="Fichiers d%27en-tête">
      <UniqueIdentifier>{93995380-89BD-4b04-88EB-625FBE52EBFB}</UniqueIdentifier>
      <Extensions>h;hh;hpp;hxx;h++;hm;inl;inc;ipp;xsd</Extensions>
    </Filter>
    <Filter Include="Fichiers de ressources">
      <UniqueIdentifier>{67DA6AB6-F800-4c08-8B7A-83BB121AAD01}</UniqueIdentifier>
      <Extensions>rc;ico;cur;bmp;dlg;rc2;rct;bin;rgs;gif;jpg;jpeg;jpe;resx;tiff;tif;png;wav;mfcribbon-ms</Extensions>
    </Filter>
    <Filter Include="Fichiers sources\gui">
      <UniqueIdentifier>{32f65bea-2138-4038-ac09-b88087eea618}</UniqueIdentifier>
    </Filter>
    <Filter Include="Fichiers sources\compilation">
      <UniqueIdentifier>{06cbd990-b43a-4fb6-a162-a09d683cc4ea}</UniqueIdentifier>
    </Filter>
    <Filter Include="Fichiers d%27en-tête\compilation">
      <UniqueIdentifier>{4fe7ca82-659e-4f5e-81da-d664282f40bc}</UniqueIdentifier>
    </Filter>
    <Filter Include="Fichiers sources\compilation\formats">
      <UniqueIdentifier>{5470c202-40a2-4bc7-9ed8-08547848c9e8}</UniqueIdentifier>
    </Filter>
    <Filter Include="Fichiers d%27en-tête\debug">
      <UniqueIdentifier>{024b3d2b-3618-4a22-98f7-5e0bb68f449a}</UniqueIdentifier>
    </Filter>
    <Filter Include="Fichiers sources\compilation\verbose">
      <UniqueIdentifier>{91272fed-89ed-49ec-9df1-ada636316e92}</UniqueIdentifier>
    </Filter>
  </ItemGroup>
  <ItemGroup>
    <Text Include="README.txt">
      <Filter>Fichiers de ressources</Filter>
    </Text>
    <Text Include="WORKFLOW.txt" />
  </ItemGroup>
  <ItemGroup>
    <ClInclude Include="assembly.h">
      <Filter>Fichiers d%27en-tête</Filter>
    </ClInclude>
    <ClInclude Include="linkedlist.h">
      <Filter>Fichiers d%27en-tête</Filter>
    </ClInclude>
    <ClInclude Include="table.h">
      <Filter>Fichiers d%27en-tête</Filter>
    </ClInclude>
    <ClInclude Include="str.h">
      <Filter>Fichiers d%27en-tête</Filter>
    </ClInclude>
    <ClInclude Include="data_structures.h">
      <Filter>Fichiers d%27en-tête</Filter>
    </ClInclude>
    <ClInclude Include="files.h">
      <Filter>Fichiers d%27en-tête</Filter>
    </ClInclude>
    <ClInclude Include="parser.h">
      <Filter>Fichiers d%27en-tête\compilation</Filter>
    </ClInclude>
    <ClInclude Include="formats.h">
      <Filter>Fichiers d%27en-tête\compilation</Filter>
    </ClInclude>
    <ClInclude Include="h_errors.h">
      <Filter>Fichiers d%27en-tête\debug</Filter>
    </ClInclude>
    <ClInclude Include="expand.h">
      <Filter>Fichiers d%27en-tête\compilation</Filter>
    </ClInclude>
  </ItemGroup>
  <ItemGroup>
    <ClCompile Include="linkedlist.c">
      <Filter>Fichiers sources</Filter>
    </ClCompile>
    <ClCompile Include="table.c">
      <Filter>Fichiers sources</Filter>
    </ClCompile>
    <ClCompile Include="main.c">
      <Filter>Fichiers sources</Filter>
    </ClCompile>
    <ClCompile Include="str.c">
      <Filter>Fichiers sources</Filter>
    </ClCompile>
    <ClCompile Include="files.c">
      <Filter>Fichiers sources</Filter>
    </ClCompile>
    <ClCompile Include="assembly.c">
      <Filter>Fichiers sources</Filter>
    </ClCompile>
    <ClCompile Include="parser.c">
      <Filter>Fichiers sources\compilation</Filter>
    </ClCompile>
    <ClCompile Include="data_structures.c">
      <Filter>Fichiers sources</Filter>
    </ClCompile>
    <ClCompile Include="elf.c">
      <Filter>Fichiers sources\compilation\formats</Filter>
    </ClCompile>
    <ClCompile Include="pe.c">
      <Filter>Fichiers sources\compilation\formats</Filter>
    </ClCompile>
    <ClCompile Include="intel_hex.c">
      <Filter>Fichiers sources\compilation\formats</Filter>
    </ClCompile>
    <ClCompile Include="mach-o.c">
      <Filter>Fichiers sources</Filter>
    </ClCompile>
    <ClCompile Include="expand.c">
      <Filter>Fichiers sources</Filter>
    </ClCompile>
  </ItemGroup>
  <ItemGroup>
    <None Include="cpp.hint" />
    <None Include="x86.csv" />
    <None Include="asm_example.csv" />
  </ItemGroup>
</Project>